
Microsoft Visual Studio Solution File, Format Version 12.00
# Visual Studio Version 17
VisualStudioVersion = 17.13.35818.85
MinimumVisualStudioVersion = 10.0.40219.1
Project("{FAE04EC0-301F-11D3-BF4B-00C04F79EFBC}") = "ProducaoAPI", "ProducaoAPI\ProducaoAPI.csproj", "{3C192B2D-DFE0-4264-879C-B6E98AC34E6F}"
EndProject
Project("{FAE04EC0-301F-11D3-BF4B-00C04F79EFBC}") = "SistemaLegado", "SistemaLegado\SistemaLegado.csproj", "{8A74052A-7B40-7C13-C345-067FB5CF8EF6}"
EndProject
Project("{FAE04EC0-301F-11D3-BF4B-00C04F79EFBC}") = "SistemaProducaoDesktop", "SistemaProducaoDesktop\SistemaProducaoDesktop.csproj", "{945E262F-80D3-7222-DAD1-CACFCAF165D5}"
EndProject
Global
	GlobalSection(SolutionConfigurationPlatforms) = preSolution
		Debug|Any CPU = Debug|Any CPU
		Release|Any CPU = Release|Any CPU
	EndGlobalSection
	GlobalSection(ProjectConfigurationPlatforms) = postSolution
		{3C192B2D-DFE0-4264-879C-B6E98AC34E6F}.Debug|Any CPU.ActiveCfg = Debug|Any CPU
		{3C192B2D-DFE0-4264-879C-B6E98AC34E6F}.Debug|Any CPU.Build.0 = Debug|Any CPU
		{3C192B2D-DFE0-4264-879C-B6E98AC34E6F}.Release|Any CPU.ActiveCfg = Release|Any CPU
		{3C192B2D-DFE0-4264-879C-B6E98AC34E6F}.Release|Any CPU.Build.0 = Release|Any CPU
		{8A74052A-7B40-7C13-C345-067FB5CF8EF6}.Debug|Any CPU.ActiveCfg = Debug|Any CPU
		{8A74052A-7B40-7C13-C345-067FB5CF8EF6}.Debug|Any CPU.Build.0 = Debug|Any CPU
		{8A74052A-7B40-7C13-C345-067FB5CF8EF6}.Release|Any CPU.ActiveCfg = Release|Any CPU
		{8A74052A-7B40-7C13-C345-067FB5CF8EF6}.Release|Any CPU.Build.0 = Release|Any CPU
		{945E262F-80D3-7222-DAD1-CACFCAF165D5}.Debug|Any CPU.ActiveCfg = Debug|Any CPU
		{945E262F-80D3-7222-DAD1-CACFCAF165D5}.Debug|Any CPU.Build.0 = Debug|Any CPU
		{945E262F-80D3-7222-DAD1-CACFCAF165D5}.Release|Any CPU.ActiveCfg = Release|Any CPU
		{945E262F-80D3-7222-DAD1-CACFCAF165D5}.Release|Any CPU.Build.0 = Release|Any CPU
	EndGlobalSection
	GlobalSection(SolutionProperties) = preSolution
		HideSolutionNode = FALSE
	EndGlobalSection
	GlobalSection(ExtensibilityGlobals) = postSolution
		SolutionGuid = {58D49CC9-A5C8-4C6B-B59E-67EE4AF2AF1C}
	EndGlobalSection
EndGlobal
