
Microsoft Visual Studio Solution File, Format Version 12.00
# Visual Studio Version 17
VisualStudioVersion = 17.13.35818.85
MinimumVisualStudioVersion = 10.0.40219.1
Project("{FAE04EC0-301F-11D3-BF4B-00C04F79EFBC}") = "ProducaoAPI", "ProducaoAPI.csproj", "{E4696392-6C09-4DF0-B808-5C61458B0715}"
EndProject
Project("{FAE04EC0-301F-11D3-BF4B-00C04F79EFBC}") = "sistema legado", "..\sistema legado\sistema legado.csproj", "{11C11341-A58A-42A0-B72A-821638D433C1}"
EndProject
Global
	GlobalSection(SolutionConfigurationPlatforms) = preSolution
		Debug|Any CPU = Debug|Any CPU
		Release|Any CPU = Release|Any CPU
	EndGlobalSection
	GlobalSection(ProjectConfigurationPlatforms) = postSolution
		{E4696392-6C09-4DF0-B808-5C61458B0715}.Debug|Any CPU.ActiveCfg = Debug|Any CPU
		{E4696392-6C09-4DF0-B808-5C61458B0715}.Debug|Any CPU.Build.0 = Debug|Any CPU
		{E4696392-6C09-4DF0-B808-5C61458B0715}.Release|Any CPU.ActiveCfg = Release|Any CPU
		{E4696392-6C09-4DF0-B808-5C61458B0715}.Release|Any CPU.Build.0 = Release|Any CPU
		{11C11341-A58A-42A0-B72A-821638D433C1}.Debug|Any CPU.ActiveCfg = Debug|Any CPU
		{11C11341-A58A-42A0-B72A-821638D433C1}.Debug|Any CPU.Build.0 = Debug|Any CPU
		{11C11341-A58A-42A0-B72A-821638D433C1}.Release|Any CPU.ActiveCfg = Release|Any CPU
		{11C11341-A58A-42A0-B72A-821638D433C1}.Release|Any CPU.Build.0 = Release|Any CPU
	EndGlobalSection
	GlobalSection(SolutionProperties) = preSolution
		HideSolutionNode = FALSE
	EndGlobalSection
	GlobalSection(ExtensibilityGlobals) = postSolution
		SolutionGuid = {7E872B99-B5A8-481B-9983-9FBEF0B459A6}
	EndGlobalSection
EndGlobal
